{
  "name": "ang-coupons-library",
  "version": "1.0.0",
  "lockfileVersion": 3,
  "requires": true,
  "packages": {
    "": {
      "name": "ang-coupons-library",
      "version": "1.0.0",
      "license": "ISC",
      "devDependencies": {
        "@types/ang-coupons-2023": "file:../types"
      }
    },
    "../types": {
      "version": "1.0.0",
      "dev": true
    },
    "node_modules/@types/ang-coupons-2023": {
      "resolved": "../types",
      "link": true
    }
  }
}
