{
  "name": "ang-coupons-library",
  "version": "1.0.0",
  "lockfileVersion": 3,
  "requires": true,
  "packages": {
    "": {
      "name": "ang-coupons-library",
      "version": "1.0.0",
      "license": "ISC",
      "dependencies": {
        "ang-coupons-common": "file:../common"
      },
      "devDependencies": {
        "@types/ang-coupons-2023": "file:../types"
      }
    },
    "../common": {
      "version": "1.0.0",
      "license": "ISC",
      "devDependencies": {
        "@types/ang-coupons-2023": "file:../types",
        "@types/node": "^20.12.7"
      }
    },
    "../types": {
      "name": "@types/ang-coupons-2023",
      "version": "1.0.0",
      "dev": true
    },
    "node_modules/@types/ang-coupons-2023": {
      "resolved": "../types",
      "link": true
    },
    "node_modules/ang-coupons-common": {
      "resolved": "../common",
      "link": true
    }
  }
}
