{
    "name": "ang-coupons-client",
    "version": "1.0.0",
    "lockfileVersion": 3,
    "requires": true,
    "packages": {
        "": {
            "name": "ang-coupons-client",
            "version": "1.0.0",
            "license": "ISC",
            "dependencies": {
                "ang-coupons-common": "file:../common"
            },
            "devDependencies": {
                "@types/ang-coupons-types": "file:../types"
            }
        },
        "../common": {
            "name": "ang-coupons-common",
            "version": "1.0.0",
            "license": "ISC",
            "devDependencies": {
                "@types/ang-coupons-types": "file:../types",
                "@types/node": "^20.12.7"
            }
        },
        "../types": {
            "name": "@types/ang-coupons-types",
            "version": "1.0.0",
            "dev": true
        },
        "node_modules/@types/ang-coupons-types": {
            "resolved": "../types",
            "link": true
        },
        "node_modules/ang-coupons-common": {
            "resolved": "../common",
            "link": true
        }
    }
}
