{
    "name": "ang-coupons-common",
    "version": "1.0.0",
    "lockfileVersion": 3,
    "requires": true,
    "packages": {
        "": {
            "name": "ang-coupons-common",
            "version": "1.0.0",
            "license": "ISC",
            "devDependencies": {
                "@types/ang-coupons-types": "file:../types"
            }
        },
        "../types": {
            "name": "@types/ang-coupons-types",
            "version": "1.0.0",
            "dev": true
        },
        "node_modules/@types/ang-coupons-types": {
            "resolved": "../types",
            "link": true
        }
    }
}
